{
  "requires": true,
  "lockfileVersion": 1,
  "dependencies": {
    "primeflex": {
      "version": "1.0.0-rc.1",
      "resolved": "https://registry.npmjs.org/primeflex/-/primeflex-1.0.0-rc.1.tgz",
      "integrity": "sha512-JVrQE0ulyP0UJ3Rn8UI1RjmpHU/f4CIm7BI18xoMLlUriAViiykFMmtDTvUC0AZWHl4YhgEvHJIZ7EERxER2cg=="
    }
  }
}
